
Microsoft Visual Studio Solution File, Format Version 12.00
# Visual Studio Version 17
VisualStudioVersion = 17.0.31912.275
MinimumVisualStudioVersion = 10.0.40219.1
Project("{FAE04EC0-301F-11D3-BF4B-00C04F79EFBC}") = "BackgroundKeyboard_Lab", "BackgroundKeyboard_Lab\BackgroundKeyboard_Lab.csproj", "{57F7D77D-A310-45D8-B019-709B24CD856A}"
EndProject
Global
	GlobalSection(SolutionConfigurationPlatforms) = preSolution
		Debug|Any CPU = Debug|Any CPU
		Release|Any CPU = Release|Any CPU
	EndGlobalSection
	GlobalSection(ProjectConfigurationPlatforms) = postSolution
		{57F7D77D-A310-45D8-B019-709B24CD856A}.Debug|Any CPU.ActiveCfg = Debug|Any CPU
		{57F7D77D-A310-45D8-B019-709B24CD856A}.Debug|Any CPU.Build.0 = Debug|Any CPU
		{57F7D77D-A310-45D8-B019-709B24CD856A}.Release|Any CPU.ActiveCfg = Release|Any CPU
		{57F7D77D-A310-45D8-B019-709B24CD856A}.Release|Any CPU.Build.0 = Release|Any CPU
	EndGlobalSection
	GlobalSection(SolutionProperties) = preSolution
		HideSolutionNode = FALSE
	EndGlobalSection
	GlobalSection(ExtensibilityGlobals) = postSolution
		SolutionGuid = {D274043A-0E91-45D7-848C-26FD91D8E2FA}
	EndGlobalSection
EndGlobal
